// !$*UTF8*$!
{
	archiveVersion = 1;
	classes = {
	};
	objectVersion = 50;
	objects = {

/* Begin PBXBuildFile section */
		F607C32722634E41008D4FAD /* TVShowsTableViewCell.swift in Sources */ = {isa = PBXBuildFile; fileRef = F607C32622634E41008D4FAD /* TVShowsTableViewCell.swift */; };
		F607C32922635044008D4FAD /* TVShowsCollectionViewCell.swift in Sources */ = {isa = PBXBuildFile; fileRef = F607C32822635044008D4FAD /* TVShowsCollectionViewCell.swift */; };
		F607C32F22636CFB008D4FAD /* Extensions.swift in Sources */ = {isa = PBXBuildFile; fileRef = F607C32E22636CFB008D4FAD /* Extensions.swift */; };
		F607C33122638F50008D4FAD /* SelectedCategoryVC.swift in Sources */ = {isa = PBXBuildFile; fileRef = F607C33022638F50008D4FAD /* SelectedCategoryVC.swift */; };
		F607C3332263B35A008D4FAD /* Item.swift in Sources */ = {isa = PBXBuildFile; fileRef = F607C3322263B35A008D4FAD /* Item.swift */; };
		F607C3362263C2C6008D4FAD /* SelectedCateCollectionVCell.swift in Sources */ = {isa = PBXBuildFile; fileRef = F607C3352263C2C6008D4FAD /* SelectedCateCollectionVCell.swift */; };
		F607C3382265072E008D4FAD /* ItemBank.swift in Sources */ = {isa = PBXBuildFile; fileRef = F607C3372265072E008D4FAD /* ItemBank.swift */; };
		F607C33E226713E0008D4FAD /* SelectedItemTableVC.swift in Sources */ = {isa = PBXBuildFile; fileRef = F607C33D226713E0008D4FAD /* SelectedItemTableVC.swift */; };
		F607C3402267C69C008D4FAD /* vidTableVCell.swift in Sources */ = {isa = PBXBuildFile; fileRef = F607C33F2267C69C008D4FAD /* vidTableVCell.swift */; };
		F682F17D226FCBBC00398D23 /* DetailsTableVCell.swift in Sources */ = {isa = PBXBuildFile; fileRef = F682F17C226FCBBC00398D23 /* DetailsTableVCell.swift */; };
		F690999922764D48003C4FC4 /* WelcomeVC.swift in Sources */ = {isa = PBXBuildFile; fileRef = F690999822764D48003C4FC4 /* WelcomeVC.swift */; };
		F6D452D22261E57B0019E8D2 /* AppDelegate.swift in Sources */ = {isa = PBXBuildFile; fileRef = F6D452D12261E57B0019E8D2 /* AppDelegate.swift */; };
		F6D452D72261E57B0019E8D2 /* Main.storyboard in Resources */ = {isa = PBXBuildFile; fileRef = F6D452D52261E57B0019E8D2 /* Main.storyboard */; };
		F6D452D92261E5810019E8D2 /* Assets.xcassets in Resources */ = {isa = PBXBuildFile; fileRef = F6D452D82261E5810019E8D2 /* Assets.xcassets */; };
		F6D452DC2261E5810019E8D2 /* LaunchScreen.storyboard in Resources */ = {isa = PBXBuildFile; fileRef = F6D452DA2261E5810019E8D2 /* LaunchScreen.storyboard */; };
		F6D452E42261F3E40019E8D2 /* MoviesTableViewCell.swift in Sources */ = {isa = PBXBuildFile; fileRef = F6D452E32261F3E40019E8D2 /* MoviesTableViewCell.swift */; };
		F6D452E62261F4D80019E8D2 /* MoviesCollectionViewCell.swift in Sources */ = {isa = PBXBuildFile; fileRef = F6D452E52261F4D80019E8D2 /* MoviesCollectionViewCell.swift */; };
		F6D452E82261F6300019E8D2 /* HomeController.swift in Sources */ = {isa = PBXBuildFile; fileRef = F6D452E72261F6300019E8D2 /* HomeController.swift */; };
/* End PBXBuildFile section */

/* Begin PBXFileReference section */
		F607C32622634E41008D4FAD /* TVShowsTableViewCell.swift */ = {isa = PBXFileReference; lastKnownFileType = sourcecode.swift; path = TVShowsTableViewCell.swift; sourceTree = "<group>"; };
		F607C32822635044008D4FAD /* TVShowsCollectionViewCell.swift */ = {isa = PBXFileReference; lastKnownFileType = sourcecode.swift; path = TVShowsCollectionViewCell.swift; sourceTree = "<group>"; };
		F607C32E22636CFB008D4FAD /* Extensions.swift */ = {isa = PBXFileReference; lastKnownFileType = sourcecode.swift; path = Extensions.swift; sourceTree = "<group>"; };
		F607C33022638F50008D4FAD /* SelectedCategoryVC.swift */ = {isa = PBXFileReference; lastKnownFileType = sourcecode.swift; path = SelectedCategoryVC.swift; sourceTree = "<group>"; };
		F607C3322263B35A008D4FAD /* Item.swift */ = {isa = PBXFileReference; lastKnownFileType = sourcecode.swift; path = Item.swift; sourceTree = "<group>"; };
		F607C3352263C2C6008D4FAD /* SelectedCateCollectionVCell.swift */ = {isa = PBXFileReference; lastKnownFileType = sourcecode.swift; path = SelectedCateCollectionVCell.swift; sourceTree = "<group>"; };
		F607C3372265072E008D4FAD /* ItemBank.swift */ = {isa = PBXFileReference; lastKnownFileType = sourcecode.swift; path = ItemBank.swift; sourceTree = "<group>"; };
		F607C33D226713E0008D4FAD /* SelectedItemTableVC.swift */ = {isa = PBXFileReference; lastKnownFileType = sourcecode.swift; path = SelectedItemTableVC.swift; sourceTree = "<group>"; };
		F607C33F2267C69C008D4FAD /* vidTableVCell.swift */ = {isa = PBXFileReference; lastKnownFileType = sourcecode.swift; path = vidTableVCell.swift; sourceTree = "<group>"; };
		F682F17C226FCBBC00398D23 /* DetailsTableVCell.swift */ = {isa = PBXFileReference; lastKnownFileType = sourcecode.swift; path = DetailsTableVCell.swift; sourceTree = "<group>"; };
		F690999822764D48003C4FC4 /* WelcomeVC.swift */ = {isa = PBXFileReference; lastKnownFileType = sourcecode.swift; path = WelcomeVC.swift; sourceTree = "<group>"; };
		F6D452CE2261E57B0019E8D2 /* ShowTime.app */ = {isa = PBXFileReference; explicitFileType = wrapper.application; includeInIndex = 0; path = ShowTime.app; sourceTree = BUILT_PRODUCTS_DIR; };
		F6D452D12261E57B0019E8D2 /* AppDelegate.swift */ = {isa = PBXFileReference; lastKnownFileType = sourcecode.swift; path = AppDelegate.swift; sourceTree = "<group>"; };
		F6D452D62261E57B0019E8D2 /* Base */ = {isa = PBXFileReference; lastKnownFileType = file.storyboard; name = Base; path = Base.lproj/Main.storyboard; sourceTree = "<group>"; };
		F6D452D82261E5810019E8D2 /* Assets.xcassets */ = {isa = PBXFileReference; lastKnownFileType = folder.assetcatalog; path = Assets.xcassets; sourceTree = "<group>"; };
		F6D452DB2261E5810019E8D2 /* Base */ = {isa = PBXFileReference; lastKnownFileType = file.storyboard; name = Base; path = Base.lproj/LaunchScreen.storyboard; sourceTree = "<group>"; };
		F6D452DD2261E5810019E8D2 /* Info.plist */ = {isa = PBXFileReference; lastKnownFileType = text.plist.xml; path = Info.plist; sourceTree = "<group>"; };
		F6D452E32261F3E40019E8D2 /* MoviesTableViewCell.swift */ = {isa = PBXFileReference; lastKnownFileType = sourcecode.swift; path = MoviesTableViewCell.swift; sourceTree = "<group>"; };
		F6D452E52261F4D80019E8D2 /* MoviesCollectionViewCell.swift */ = {isa = PBXFileReference; lastKnownFileType = sourcecode.swift; path = MoviesCollectionViewCell.swift; sourceTree = "<group>"; };
		F6D452E72261F6300019E8D2 /* HomeController.swift */ = {isa = PBXFileReference; lastKnownFileType = sourcecode.swift; path = HomeController.swift; sourceTree = "<group>"; };
/* End PBXFileReference section */

/* Begin PBXFrameworksBuildPhase section */
		F6D452CB2261E57B0019E8D2 /* Frameworks */ = {
			isa = PBXFrameworksBuildPhase;
			buildActionMask = 2147483647;
			files = (
			);
			runOnlyForDeploymentPostprocessing = 0;
		};
/* End PBXFrameworksBuildPhase section */

/* Begin PBXGroup section */
		F607C32B22635934008D4FAD /* Controllers */ = {
			isa = PBXGroup;
			children = (
				F690999822764D48003C4FC4 /* WelcomeVC.swift */,
				F6D452E72261F6300019E8D2 /* HomeController.swift */,
				F607C33022638F50008D4FAD /* SelectedCategoryVC.swift */,
				F607C33D226713E0008D4FAD /* SelectedItemTableVC.swift */,
			);
			path = Controllers;
			sourceTree = "<group>";
		};
		F607C32C22635996008D4FAD /* Custom cells */ = {
			isa = PBXGroup;
			children = (
				F6D452E32261F3E40019E8D2 /* MoviesTableViewCell.swift */,
				F6D452E52261F4D80019E8D2 /* MoviesCollectionViewCell.swift */,
				F607C32622634E41008D4FAD /* TVShowsTableViewCell.swift */,
				F607C32822635044008D4FAD /* TVShowsCollectionViewCell.swift */,
				F607C3352263C2C6008D4FAD /* SelectedCateCollectionVCell.swift */,
				F607C33F2267C69C008D4FAD /* vidTableVCell.swift */,
				F682F17C226FCBBC00398D23 /* DetailsTableVCell.swift */,
			);
			path = "Custom cells";
			sourceTree = "<group>";
		};
		F607C32D22636CD1008D4FAD /* Helpers */ = {
			isa = PBXGroup;
			children = (
				F607C32E22636CFB008D4FAD /* Extensions.swift */,
			);
			path = Helpers;
			sourceTree = "<group>";
		};
		F607C3342263B35F008D4FAD /* Model */ = {
			isa = PBXGroup;
			children = (
				F607C3322263B35A008D4FAD /* Item.swift */,
				F607C3372265072E008D4FAD /* ItemBank.swift */,
			);
			path = Model;
			sourceTree = "<group>";
		};
		F6D452C52261E57B0019E8D2 = {
			isa = PBXGroup;
			children = (
				F6D452D02261E57B0019E8D2 /* ShowTime */,
				F6D452CF2261E57B0019E8D2 /* Products */,
			);
			sourceTree = "<group>";
		};
		F6D452CF2261E57B0019E8D2 /* Products */ = {
			isa = PBXGroup;
			children = (
				F6D452CE2261E57B0019E8D2 /* ShowTime.app */,
			);
			name = Products;
			sourceTree = "<group>";
		};
		F6D452D02261E57B0019E8D2 /* ShowTime */ = {
			isa = PBXGroup;
			children = (
				F607C3342263B35F008D4FAD /* Model */,
				F607C32B22635934008D4FAD /* Controllers */,
				F607C32C22635996008D4FAD /* Custom cells */,
				F6D452D12261E57B0019E8D2 /* AppDelegate.swift */,
				F6D452D52261E57B0019E8D2 /* Main.storyboard */,
				F6D452DA2261E5810019E8D2 /* LaunchScreen.storyboard */,
				F6D452D82261E5810019E8D2 /* Assets.xcassets */,
				F6D452DD2261E5810019E8D2 /* Info.plist */,
				F607C32D22636CD1008D4FAD /* Helpers */,
			);
			path = ShowTime;
			sourceTree = "<group>";
		};
/* End PBXGroup section */

/* Begin PBXNativeTarget section */
		F6D452CD2261E57B0019E8D2 /* ShowTime */ = {
			isa = PBXNativeTarget;
			buildConfigurationList = F6D452E02261E5810019E8D2 /* Build configuration list for PBXNativeTarget "ShowTime" */;
			buildPhases = (
				F6D452CA2261E57B0019E8D2 /* Sources */,
				F6D452CB2261E57B0019E8D2 /* Frameworks */,
				F6D452CC2261E57B0019E8D2 /* Resources */,
			);
			buildRules = (
			);
			dependencies = (
			);
			name = ShowTime;
			productName = ShowTime;
			productReference = F6D452CE2261E57B0019E8D2 /* ShowTime.app */;
			productType = "com.apple.product-type.application";
		};
/* End PBXNativeTarget section */

/* Begin PBXProject section */
		F6D452C62261E57B0019E8D2 /* Project object */ = {
			isa = PBXProject;
			attributes = {
				LastSwiftUpdateCheck = 1010;
				LastUpgradeCheck = 1010;
				ORGANIZATIONNAME = "Mustafa Alsoffi";
				TargetAttributes = {
					F6D452CD2261E57B0019E8D2 = {
						CreatedOnToolsVersion = 10.1;
						LastSwiftMigration = 1020;
					};
				};
			};
			buildConfigurationList = F6D452C92261E57B0019E8D2 /* Build configuration list for PBXProject "ShowTime" */;
			compatibilityVersion = "Xcode 9.3";
			developmentRegion = en;
			hasScannedForEncodings = 0;
			knownRegions = (
				en,
				Base,
			);
			mainGroup = F6D452C52261E57B0019E8D2;
			productRefGroup = F6D452CF2261E57B0019E8D2 /* Products */;
			projectDirPath = "";
			projectRoot = "";
			targets = (
				F6D452CD2261E57B0019E8D2 /* ShowTime */,
			);
		};
/* End PBXProject section */

/* Begin PBXResourcesBuildPhase section */
		F6D452CC2261E57B0019E8D2 /* Resources */ = {
			isa = PBXResourcesBuildPhase;
			buildActionMask = 2147483647;
			files = (
				F6D452DC2261E5810019E8D2 /* LaunchScreen.storyboard in Resources */,
				F6D452D92261E5810019E8D2 /* Assets.xcassets in Resources */,
				F6D452D72261E57B0019E8D2 /* Main.storyboard in Resources */,
			);
			runOnlyForDeploymentPostprocessing = 0;
		};
/* End PBXResourcesBuildPhase section */

/* Begin PBXSourcesBuildPhase section */
		F6D452CA2261E57B0019E8D2 /* Sources */ = {
			isa = PBXSourcesBuildPhase;
			buildActionMask = 2147483647;
			files = (
				F6D452E42261F3E40019E8D2 /* MoviesTableViewCell.swift in Sources */,
				F607C3362263C2C6008D4FAD /* SelectedCateCollectionVCell.swift in Sources */,
				F6D452E62261F4D80019E8D2 /* MoviesCollectionViewCell.swift in Sources */,
				F607C3382265072E008D4FAD /* ItemBank.swift in Sources */,
				F682F17D226FCBBC00398D23 /* DetailsTableVCell.swift in Sources */,
				F607C33122638F50008D4FAD /* SelectedCategoryVC.swift in Sources */,
				F690999922764D48003C4FC4 /* WelcomeVC.swift in Sources */,
				F607C3402267C69C008D4FAD /* vidTableVCell.swift in Sources */,
				F607C32F22636CFB008D4FAD /* Extensions.swift in Sources */,
				F607C32722634E41008D4FAD /* TVShowsTableViewCell.swift in Sources */,
				F6D452D22261E57B0019E8D2 /* AppDelegate.swift in Sources */,
				F6D452E82261F6300019E8D2 /* HomeController.swift in Sources */,
				F607C32922635044008D4FAD /* TVShowsCollectionViewCell.swift in Sources */,
				F607C3332263B35A008D4FAD /* Item.swift in Sources */,
				F607C33E226713E0008D4FAD /* SelectedItemTableVC.swift in Sources */,
			);
			runOnlyForDeploymentPostprocessing = 0;
		};
/* End PBXSourcesBuildPhase section */

/* Begin PBXVariantGroup section */
		F6D452D52261E57B0019E8D2 /* Main.storyboard */ = {
			isa = PBXVariantGroup;
			children = (
				F6D452D62261E57B0019E8D2 /* Base */,
			);
			name = Main.storyboard;
			sourceTree = "<group>";
		};
		F6D452DA2261E5810019E8D2 /* LaunchScreen.storyboard */ = {
			isa = PBXVariantGroup;
			children = (
				F6D452DB2261E5810019E8D2 /* Base */,
			);
			name = LaunchScreen.storyboard;
			sourceTree = "<group>";
		};
/* End PBXVariantGroup section */

/* Begin XCBuildConfiguration section */
		F6D452DE2261E5810019E8D2 /* Debug */ = {
			isa = XCBuildConfiguration;
			buildSettings = {
				ALWAYS_SEARCH_USER_PATHS = NO;
				CLANG_ANALYZER_NONNULL = YES;
				CLANG_ANALYZER_NUMBER_OBJECT_CONVERSION = YES_AGGRESSIVE;
				CLANG_CXX_LANGUAGE_STANDARD = "gnu++14";
				CLANG_CXX_LIBRARY = "libc++";
				CLANG_ENABLE_MODULES = YES;
				CLANG_ENABLE_OBJC_ARC = YES;
				CLANG_ENABLE_OBJC_WEAK = YES;
				CLANG_WARN_BLOCK_CAPTURE_AUTORELEASING = YES;
				CLANG_WARN_BOOL_CONVERSION = YES;
				CLANG_WARN_COMMA = YES;
				CLANG_WARN_CONSTANT_CONVERSION = YES;
				CLANG_WARN_DEPRECATED_OBJC_IMPLEMENTATIONS = YES;
				CLANG_WARN_DIRECT_OBJC_ISA_USAGE = YES_ERROR;
				CLANG_WARN_DOCUMENTATION_COMMENTS = YES;
				CLANG_WARN_EMPTY_BODY = YES;
				CLANG_WARN_ENUM_CONVERSION = YES;
				CLANG_WARN_INFINITE_RECURSION = YES;
				CLANG_WARN_INT_CONVERSION = YES;
				CLANG_WARN_NON_LITERAL_NULL_CONVERSION = YES;
				CLANG_WARN_OBJC_IMPLICIT_RETAIN_SELF = YES;
				CLANG_WARN_OBJC_LITERAL_CONVERSION = YES;
				CLANG_WARN_OBJC_ROOT_CLASS = YES_ERROR;
				CLANG_WARN_RANGE_LOOP_ANALYSIS = YES;
				CLANG_WARN_STRICT_PROTOTYPES = YES;
				CLANG_WARN_SUSPICIOUS_MOVE = YES;
				CLANG_WARN_UNGUARDED_AVAILABILITY = YES_AGGRESSIVE;
				CLANG_WARN_UNREACHABLE_CODE = YES;
				CLANG_WARN__DUPLICATE_METHOD_MATCH = YES;
				CODE_SIGN_IDENTITY = "iPhone Developer";
				COPY_PHASE_STRIP = NO;
				DEBUG_INFORMATION_FORMAT = dwarf;
				ENABLE_STRICT_OBJC_MSGSEND = YES;
				ENABLE_TESTABILITY = YES;
				GCC_C_LANGUAGE_STANDARD = gnu11;
				GCC_DYNAMIC_NO_PIC = NO;
				GCC_NO_COMMON_BLOCKS = YES;
				GCC_OPTIMIZATION_LEVEL = 0;
				GCC_PREPROCESSOR_DEFINITIONS = (
					"DEBUG=1",
					"$(inherited)",
				);
				GCC_WARN_64_TO_32_BIT_CONVERSION = YES;
				GCC_WARN_ABOUT_RETURN_TYPE = YES_ERROR;
				GCC_WARN_UNDECLARED_SELECTOR = YES;
				GCC_WARN_UNINITIALIZED_AUTOS = YES_AGGRESSIVE;
				GCC_WARN_UNUSED_FUNCTION = YES;
				GCC_WARN_UNUSED_VARIABLE = YES;
				IPHONEOS_DEPLOYMENT_TARGET = 12.1;
				MTL_ENABLE_DEBUG_INFO = INCLUDE_SOURCE;
				MTL_FAST_MATH = YES;
				ONLY_ACTIVE_ARCH = YES;
				SDKROOT = iphoneos;
				SWIFT_ACTIVE_COMPILATION_CONDITIONS = DEBUG;
				SWIFT_OPTIMIZATION_LEVEL = "-Onone";
			};
			name = Debug;
		};
		F6D452DF2261E5810019E8D2 /* Release */ = {
			isa = XCBuildConfiguration;
			buildSettings = {
				ALWAYS_SEARCH_USER_PATHS = NO;
				CLANG_ANALYZER_NONNULL = YES;
				CLANG_ANALYZER_NUMBER_OBJECT_CONVERSION = YES_AGGRESSIVE;
				CLANG_CXX_LANGUAGE_STANDARD = "gnu++14";
				CLANG_CXX_LIBRARY = "libc++";
				CLANG_ENABLE_MODULES = YES;
				CLANG_ENABLE_OBJC_ARC = YES;
				CLANG_ENABLE_OBJC_WEAK = YES;
				CLANG_WARN_BLOCK_CAPTURE_AUTORELEASING = YES;
				CLANG_WARN_BOOL_CONVERSION = YES;
				CLANG_WARN_COMMA = YES;
				CLANG_WARN_CONSTANT_CONVERSION = YES;
				CLANG_WARN_DEPRECATED_OBJC_IMPLEMENTATIONS = YES;
				CLANG_WARN_DIRECT_OBJC_ISA_USAGE = YES_ERROR;
				CLANG_WARN_DOCUMENTATION_COMMENTS = YES;
				CLANG_WARN_EMPTY_BODY = YES;
				CLANG_WARN_ENUM_CONVERSION = YES;
				CLANG_WARN_INFINITE_RECURSION = YES;
				CLANG_WARN_INT_CONVERSION = YES;
				CLANG_WARN_NON_LITERAL_NULL_CONVERSION = YES;
				CLANG_WARN_OBJC_IMPLICIT_RETAIN_SELF = YES;
				CLANG_WARN_OBJC_LITERAL_CONVERSION = YES;
				CLANG_WARN_OBJC_ROOT_CLASS = YES_ERROR;
				CLANG_WARN_RANGE_LOOP_ANALYSIS = YES;
				CLANG_WARN_STRICT_PROTOTYPES = YES;
				CLANG_WARN_SUSPICIOUS_MOVE = YES;
				CLANG_WARN_UNGUARDED_AVAILABILITY = YES_AGGRESSIVE;
				CLANG_WARN_UNREACHABLE_CODE = YES;
				CLANG_WARN__DUPLICATE_METHOD_MATCH = YES;
				CODE_SIGN_IDENTITY = "iPhone Developer";
				COPY_PHASE_STRIP = NO;
				DEBUG_INFORMATION_FORMAT = "dwarf-with-dsym";
				ENABLE_NS_ASSERTIONS = NO;
				ENABLE_STRICT_OBJC_MSGSEND = YES;
				GCC_C_LANGUAGE_STANDARD = gnu11;
				GCC_NO_COMMON_BLOCKS = YES;
				GCC_WARN_64_TO_32_BIT_CONVERSION = YES;
				GCC_WARN_ABOUT_RETURN_TYPE = YES_ERROR;
				GCC_WARN_UNDECLARED_SELECTOR = YES;
				GCC_WARN_UNINITIALIZED_AUTOS = YES_AGGRESSIVE;
				GCC_WARN_UNUSED_FUNCTION = YES;
				GCC_WARN_UNUSED_VARIABLE = YES;
				IPHONEOS_DEPLOYMENT_TARGET = 12.1;
				MTL_ENABLE_DEBUG_INFO = NO;
				MTL_FAST_MATH = YES;
				SDKROOT = iphoneos;
				SWIFT_COMPILATION_MODE = wholemodule;
				SWIFT_OPTIMIZATION_LEVEL = "-O";
				VALIDATE_PRODUCT = YES;
			};
			name = Release;
		};
		F6D452E12261E5810019E8D2 /* Debug */ = {
			isa = XCBuildConfiguration;
			buildSettings = {
				ASSETCATALOG_COMPILER_APPICON_NAME = AppIcon;
				CODE_SIGN_STYLE = Automatic;
				DEVELOPMENT_TEAM = B7HVRPB4TW;
				INFOPLIST_FILE = ShowTime/Info.plist;
				LD_RUNPATH_SEARCH_PATHS = (
					"$(inherited)",
					"@executable_path/Frameworks",
				);
				PRODUCT_BUNDLE_IDENTIFIER = com.mustafa.ShowTime;
				PRODUCT_NAME = "$(TARGET_NAME)";
				SWIFT_VERSION = 5.0;
				TARGETED_DEVICE_FAMILY = "1,2";
			};
			name = Debug;
		};
		F6D452E22261E5810019E8D2 /* Release */ = {
			isa = XCBuildConfiguration;
			buildSettings = {
				ASSETCATALOG_COMPILER_APPICON_NAME = AppIcon;
				CODE_SIGN_STYLE = Automatic;
				DEVELOPMENT_TEAM = B7HVRPB4TW;
				INFOPLIST_FILE = ShowTime/Info.plist;
				LD_RUNPATH_SEARCH_PATHS = (
					"$(inherited)",
					"@executable_path/Frameworks",
				);
				PRODUCT_BUNDLE_IDENTIFIER = com.mustafa.ShowTime;
				PRODUCT_NAME = "$(TARGET_NAME)";
				SWIFT_VERSION = 5.0;
				TARGETED_DEVICE_FAMILY = "1,2";
			};
			name = Release;
		};
/* End XCBuildConfiguration section */

/* Begin XCConfigurationList section */
		F6D452C92261E57B0019E8D2 /* Build configuration list for PBXProject "ShowTime" */ = {
			isa = XCConfigurationList;
			buildConfigurations = (
				F6D452DE2261E5810019E8D2 /* Debug */,
				F6D452DF2261E5810019E8D2 /* Release */,
			);
			defaultConfigurationIsVisible = 0;
			defaultConfigurationName = Release;
		};
		F6D452E02261E5810019E8D2 /* Build configuration list for PBXNativeTarget "ShowTime" */ = {
			isa = XCConfigurationList;
			buildConfigurations = (
				F6D452E12261E5810019E8D2 /* Debug */,
				F6D452E22261E5810019E8D2 /* Release */,
			);
			defaultConfigurationIsVisible = 0;
			defaultConfigurationName = Release;
		};
/* End XCConfigurationList section */
	};
	rootObject = F6D452C62261E57B0019E8D2 /* Project object */;
}
